# THIS IS AN AUTOGENERATED FILE. DO NOT EDIT THIS FILE DIRECTLY.
# yarn lockfile v1


ccxt@^1.90.29:
  version "1.90.29"
  resolved "http://npm.perfma-inc.com:80/ccxt/-/ccxt-1.90.29.tgz#971a45ab705f82ca3d2ab3a9d7e3a0cd1576689d"
  integrity sha512-8iyfWHtYYR8t7fzvJ3kv4/QOkg+kNMtuebmXqGMsOPnunJq3Y0RAy/mlwIKUhkwx2Ig1ywaYx06KFsfZprINwg==
